{
  "name": "scrappy",
  "version": "1.0.0",
  "lockfileVersion": 2,
  "requires": true,
  "packages": {
    "": {
      "name": "scrappy",
      "version": "1.0.0",
      "license": "ISC",
      "dependencies": {
        "@types/puppeteer": "^5.4.6"
      }
    },
    "node_modules/@types/node": {
      "version": "18.7.13",
      "resolved": "https://registry.npmjs.org/@types/node/-/node-18.7.13.tgz",
      "integrity": "sha512-46yIhxSe5xEaJZXWdIBP7GU4HDTG8/eo0qd9atdiL+lFpA03y8KS+lkTN834TWJj5767GbWv4n/P6efyTFt1Dw=="
    },
    "node_modules/@types/puppeteer": {
      "version": "5.4.6",
      "resolved": "https://registry.npmjs.org/@types/puppeteer/-/puppeteer-5.4.6.tgz",
      "integrity": "sha512-98Kghehs7+/GD9b56qryhqdqVCXUTbetTv3PlvDnmFRTHQH0j9DIp1f7rkAW3BAj4U3yoeSEQnKgdW8bDq0Y0Q==",
      "dependencies": {
        "@types/node": "*"
      }
    }
  },
  "dependencies": {
    "@types/node": {
      "version": "18.7.13",
      "resolved": "https://registry.npmjs.org/@types/node/-/node-18.7.13.tgz",
      "integrity": "sha512-46yIhxSe5xEaJZXWdIBP7GU4HDTG8/eo0qd9atdiL+lFpA03y8KS+lkTN834TWJj5767GbWv4n/P6efyTFt1Dw=="
    },
    "@types/puppeteer": {
      "version": "5.4.6",
      "resolved": "https://registry.npmjs.org/@types/puppeteer/-/puppeteer-5.4.6.tgz",
      "integrity": "sha512-98Kghehs7+/GD9b56qryhqdqVCXUTbetTv3PlvDnmFRTHQH0j9DIp1f7rkAW3BAj4U3yoeSEQnKgdW8bDq0Y0Q==",
      "requires": {
        "@types/node": "*"
      }
    }
  }
}
